{
  "name": "circles",
  "lockfileVersion": 3,
  "requires": true,
  "packages": {
    "": {
      "name": "circles",
      "workspaces": [
        "ai",
        "web",
        "api"
      ]
    },
    "ai": {
      "name": "@circles/ai",
      "version": "0.0.0"
    },
    "api": {
      "name": "@circles/api",
      "version": "0.0.0"
    },
    "node_modules/@circles/ai": {
      "resolved": "ai",
      "link": true
    },
    "node_modules/@circles/api": {
      "resolved": "api",
      "link": true
    },
    "node_modules/@circles/web": {
      "resolved": "web",
      "link": true
    },
    "web": {
      "name": "@circles/web",
      "version": "0.0.0"
    }
  }
}
